
Microsoft Visual Studio Solution File, Format Version 12.00
# Visual Studio Version 17
VisualStudioVersion = 17.5.33516.290
MinimumVisualStudioVersion = 10.0.40219.1
Project("{FAE04EC0-301F-11D3-BF4B-00C04F79EFBC}") = "calculating carpet costs", "calculating carpet costs.csproj", "{B33871FF-422C-422C-9484-2032C2E03944}"
EndProject
Global
	GlobalSection(SolutionConfigurationPlatforms) = preSolution
		Debug|Any CPU = Debug|Any CPU
		Release|Any CPU = Release|Any CPU
	EndGlobalSection
	GlobalSection(ProjectConfigurationPlatforms) = postSolution
		{B33871FF-422C-422C-9484-2032C2E03944}.Debug|Any CPU.ActiveCfg = Debug|Any CPU
		{B33871FF-422C-422C-9484-2032C2E03944}.Debug|Any CPU.Build.0 = Debug|Any CPU
		{B33871FF-422C-422C-9484-2032C2E03944}.Release|Any CPU.ActiveCfg = Release|Any CPU
		{B33871FF-422C-422C-9484-2032C2E03944}.Release|Any CPU.Build.0 = Release|Any CPU
	EndGlobalSection
	GlobalSection(SolutionProperties) = preSolution
		HideSolutionNode = FALSE
	EndGlobalSection
	GlobalSection(ExtensibilityGlobals) = postSolution
		SolutionGuid = {0EE19144-664A-4F3A-8EDC-217D81C0A923}
	EndGlobalSection
EndGlobal
